
Microsoft Visual Studio Solution File, Format Version 12.00
# Visual Studio Version 17
VisualStudioVersion = 17.1.32421.90
MinimumVisualStudioVersion = 10.0.40219.1
Project("{FAE04EC0-301F-11D3-BF4B-00C04F79EFBC}") = "Contrato", "Contrato\Contrato.csproj", "{93B59D07-3F9C-48E3-AF90-E3BF5870BCDD}"
EndProject
Global
	GlobalSection(SolutionConfigurationPlatforms) = preSolution
		Debug|Any CPU = Debug|Any CPU
		Release|Any CPU = Release|Any CPU
	EndGlobalSection
	GlobalSection(ProjectConfigurationPlatforms) = postSolution
		{93B59D07-3F9C-48E3-AF90-E3BF5870BCDD}.Debug|Any CPU.ActiveCfg = Debug|Any CPU
		{93B59D07-3F9C-48E3-AF90-E3BF5870BCDD}.Debug|Any CPU.Build.0 = Debug|Any CPU
		{93B59D07-3F9C-48E3-AF90-E3BF5870BCDD}.Release|Any CPU.ActiveCfg = Release|Any CPU
		{93B59D07-3F9C-48E3-AF90-E3BF5870BCDD}.Release|Any CPU.Build.0 = Release|Any CPU
	EndGlobalSection
	GlobalSection(SolutionProperties) = preSolution
		HideSolutionNode = FALSE
	EndGlobalSection
	GlobalSection(ExtensibilityGlobals) = postSolution
		SolutionGuid = {0A7D9483-1198-4EDE-95EB-CEA11D09B2A7}
	EndGlobalSection
EndGlobal
